
Microsoft Visual Studio Solution File, Format Version 12.00
# Visual Studio Version 17
VisualStudioVersion = 17.9.34728.123
MinimumVisualStudioVersion = 10.0.40219.1
Project("{FAE04EC0-301F-11D3-BF4B-00C04F79EFBC}") = "BusinessLogic", "Business\BusinessLogic.csproj", "{3D91645F-2A73-473F-8FED-77B09FCEE3AF}"
EndProject
Project("{FAE04EC0-301F-11D3-BF4B-00C04F79EFBC}") = "DataAccess", "Data\DataAccess.csproj", "{22C864D0-6D56-4450-B941-20DBC7A89FCC}"
EndProject
Project("{FAE04EC0-301F-11D3-BF4B-00C04F79EFBC}") = "SchoolMedicalManagement", "SchoolMedicalManagement\SchoolMedicalManagement.csproj", "{0A050574-47F2-4273-B568-11E792602A6E}"
EndProject
Global
	GlobalSection(SolutionConfigurationPlatforms) = preSolution
		Debug|Any CPU = Debug|Any CPU
		Release|Any CPU = Release|Any CPU
	EndGlobalSection
	GlobalSection(ProjectConfigurationPlatforms) = postSolution
		{3D91645F-2A73-473F-8FED-77B09FCEE3AF}.Debug|Any CPU.ActiveCfg = Debug|Any CPU
		{3D91645F-2A73-473F-8FED-77B09FCEE3AF}.Debug|Any CPU.Build.0 = Debug|Any CPU
		{3D91645F-2A73-473F-8FED-77B09FCEE3AF}.Release|Any CPU.ActiveCfg = Release|Any CPU
		{3D91645F-2A73-473F-8FED-77B09FCEE3AF}.Release|Any CPU.Build.0 = Release|Any CPU
		{22C864D0-6D56-4450-B941-20DBC7A89FCC}.Debug|Any CPU.ActiveCfg = Debug|Any CPU
		{22C864D0-6D56-4450-B941-20DBC7A89FCC}.Debug|Any CPU.Build.0 = Debug|Any CPU
		{22C864D0-6D56-4450-B941-20DBC7A89FCC}.Release|Any CPU.ActiveCfg = Release|Any CPU
		{22C864D0-6D56-4450-B941-20DBC7A89FCC}.Release|Any CPU.Build.0 = Release|Any CPU
		{0A050574-47F2-4273-B568-11E792602A6E}.Debug|Any CPU.ActiveCfg = Debug|Any CPU
		{0A050574-47F2-4273-B568-11E792602A6E}.Debug|Any CPU.Build.0 = Debug|Any CPU
		{0A050574-47F2-4273-B568-11E792602A6E}.Release|Any CPU.ActiveCfg = Release|Any CPU
		{0A050574-47F2-4273-B568-11E792602A6E}.Release|Any CPU.Build.0 = Release|Any CPU
	EndGlobalSection
	GlobalSection(SolutionProperties) = preSolution
		HideSolutionNode = FALSE
	EndGlobalSection
	GlobalSection(ExtensibilityGlobals) = postSolution
		SolutionGuid = {55DDCAFC-A67D-4DF0-A16F-B9FC623CF2AD}
	EndGlobalSection
EndGlobal
